#MicroXplorer Configuration settings - do not modify
File.Version=6
KeepUserPlacement=false
Mcu.Family=STM32F0
Mcu.IP0=I2C1
Mcu.IP1=NVIC
Mcu.IP2=RCC
Mcu.IP3=RTC
Mcu.IP4=SYS
Mcu.IP5=TIM2
Mcu.IPNb=6
Mcu.Name=STM32F042C(4-6)Tx
Mcu.Package=LQFP48
Mcu.Pin0=PC14OSC32_IN
Mcu.Pin1=PC15OSC32_OUT
Mcu.Pin10=PB0
Mcu.Pin11=PB1
Mcu.Pin12=PB2
Mcu.Pin13=PB10
Mcu.Pin14=PB11
Mcu.Pin15=PB12
Mcu.Pin16=PB13
Mcu.Pin17=PB14
Mcu.Pin18=PB15
Mcu.Pin19=PA8
Mcu.Pin2=PA0
Mcu.Pin20=PA9
Mcu.Pin21=PA10
Mcu.Pin22=PA11
Mcu.Pin23=PA12
Mcu.Pin24=PA13
Mcu.Pin25=PA14
Mcu.Pin26=PA15
Mcu.Pin27=PB3
Mcu.Pin28=PB4
Mcu.Pin29=PB5
Mcu.Pin3=PA1
Mcu.Pin30=PB6
Mcu.Pin31=PB7
Mcu.Pin32=VP_RTC_VS_RTC_Activate
Mcu.Pin33=VP_RTC_VS_RTC_Calendar
Mcu.Pin34=VP_SYS_VS_Systick
Mcu.Pin35=VP_TIM2_VS_ClockSourceINT
Mcu.Pin4=PA2
Mcu.Pin5=PA3
Mcu.Pin6=PA4
Mcu.Pin7=PA5
Mcu.Pin8=PA6
Mcu.Pin9=PA7
Mcu.PinsNb=36
Mcu.ThirdPartyNb=0
Mcu.UserConstants=
Mcu.UserName=STM32F042C4Tx
MxCube.Version=4.25.0
MxDb.Version=DB.4.0.250
NVIC.HardFault_IRQn=true\:0\:0\:false\:false\:true\:false
NVIC.NonMaskableInt_IRQn=true\:0\:0\:false\:false\:true\:false
NVIC.PendSV_IRQn=true\:0\:0\:false\:false\:true\:false
NVIC.RCC_CRS_IRQn=true\:0\:0\:false\:false\:true\:true
NVIC.SVC_IRQn=true\:0\:0\:false\:false\:true\:false
NVIC.SysTick_IRQn=true\:0\:0\:false\:false\:true\:false
NVIC.TIM2_IRQn=true\:0\:0\:false\:false\:true\:true
PA0.GPIOParameters=GPIO_PuPd,GPIO_Label
PA0.GPIO_Label=P_CTRL
PA0.GPIO_PuPd=GPIO_PULLDOWN
PA0.Locked=true
PA0.Signal=GPIO_Output
PA1.GPIOParameters=GPIO_PuPd,GPIO_Label
PA1.GPIO_Label=AM_PM
PA1.GPIO_PuPd=GPIO_PULLDOWN
PA1.Locked=true
PA1.Signal=GPIO_Output
PA10.Locked=true
PA10.Mode=I2C
PA10.Signal=I2C1_SDA
PA11.GPIOParameters=GPIO_PuPd,GPIO_Label
PA11.GPIO_Label=BUZZER
PA11.GPIO_PuPd=GPIO_PULLDOWN
PA11.Locked=true
PA11.Signal=GPIO_Output
PA12.GPIOParameters=GPIO_PuPd,GPIO_Label
PA12.GPIO_Label=LED_A
PA12.GPIO_PuPd=GPIO_PULLDOWN
PA12.Locked=true
PA12.Signal=GPIO_Output
PA13.Locked=true
PA13.Mode=Serial_Wire
PA13.Signal=SYS_SWDIO
PA14.Locked=true
PA14.Mode=Serial_Wire
PA14.Signal=SYS_SWCLK
PA15.GPIOParameters=GPIO_Label
PA15.GPIO_Label=B_ALARM
PA15.Locked=true
PA15.Signal=GPIO_Input
PA2.GPIOParameters=GPIO_PuPd,GPIO_Label
PA2.GPIO_Label=TUBE1
PA2.GPIO_PuPd=GPIO_PULLDOWN
PA2.Locked=true
PA2.Signal=GPIO_Output
PA3.GPIOParameters=GPIO_PuPd,GPIO_Label
PA3.GPIO_Label=TUBE2
PA3.GPIO_PuPd=GPIO_PULLDOWN
PA3.Locked=true
PA3.Signal=GPIO_Output
PA4.GPIOParameters=GPIO_PuPd,GPIO_Label
PA4.GPIO_Label=TUBE3
PA4.GPIO_PuPd=GPIO_PULLDOWN
PA4.Locked=true
PA4.Signal=GPIO_Output
PA5.GPIOParameters=GPIO_PuPd,GPIO_Label
PA5.GPIO_Label=TUBE4
PA5.GPIO_PuPd=GPIO_PULLDOWN
PA5.Locked=true
PA5.Signal=GPIO_Output
PA6.GPIOParameters=GPIO_PuPd,GPIO_Label
PA6.GPIO_Label=NUM1
PA6.GPIO_PuPd=GPIO_PULLDOWN
PA6.Locked=true
PA6.Signal=GPIO_Output
PA7.GPIOParameters=GPIO_PuPd,GPIO_Label
PA7.GPIO_Label=NUM2
PA7.GPIO_PuPd=GPIO_PULLDOWN
PA7.Locked=true
PA7.Signal=GPIO_Output
PA8.GPIOParameters=GPIO_PuPd,GPIO_Label
PA8.GPIO_Label=TUBE6
PA8.GPIO_PuPd=GPIO_PULLDOWN
PA8.Locked=true
PA8.Signal=GPIO_Output
PA9.Locked=true
PA9.Mode=I2C
PA9.Signal=I2C1_SCL
PB0.GPIOParameters=GPIO_PuPd,GPIO_Label
PB0.GPIO_Label=NUM3
PB0.GPIO_PuPd=GPIO_PULLDOWN
PB0.Locked=true
PB0.Signal=GPIO_Output
PB1.GPIOParameters=GPIO_PuPd,GPIO_Label
PB1.GPIO_Label=NUM4
PB1.GPIO_PuPd=GPIO_PULLDOWN
PB1.Locked=true
PB1.Signal=GPIO_Output
PB10.GPIOParameters=GPIO_PuPd,GPIO_Label
PB10.GPIO_Label=NUM6
PB10.GPIO_PuPd=GPIO_PULLDOWN
PB10.Locked=true
PB10.Signal=GPIO_Output
PB11.GPIOParameters=GPIO_PuPd,GPIO_Label
PB11.GPIO_Label=NUM7
PB11.GPIO_PuPd=GPIO_PULLDOWN
PB11.Locked=true
PB11.Signal=GPIO_Output
PB12.GPIOParameters=GPIO_PuPd,GPIO_Label
PB12.GPIO_Label=NUM8
PB12.GPIO_PuPd=GPIO_PULLDOWN
PB12.Locked=true
PB12.Signal=GPIO_Output
PB13.GPIOParameters=GPIO_PuPd,GPIO_Label
PB13.GPIO_Label=NUM9
PB13.GPIO_PuPd=GPIO_PULLDOWN
PB13.Locked=true
PB13.Signal=GPIO_Output
PB14.GPIOParameters=GPIO_PuPd,GPIO_Label
PB14.GPIO_Label=NUM0
PB14.GPIO_PuPd=GPIO_PULLDOWN
PB14.Locked=true
PB14.Signal=GPIO_Output
PB15.GPIOParameters=GPIO_PuPd,GPIO_Label
PB15.GPIO_Label=TUBE5
PB15.GPIO_PuPd=GPIO_PULLDOWN
PB15.Locked=true
PB15.Signal=GPIO_Output
PB2.GPIOParameters=GPIO_PuPd,GPIO_Label
PB2.GPIO_Label=NUM5
PB2.GPIO_PuPd=GPIO_PULLDOWN
PB2.Locked=true
PB2.Signal=GPIO_Output
PB3.GPIOParameters=GPIO_Label
PB3.GPIO_Label=B_DISPLAY
PB3.Locked=true
PB3.Signal=GPIO_Input
PB4.GPIOParameters=GPIO_Label
PB4.GPIO_Label=B_TIME
PB4.Locked=true
PB4.Signal=GPIO_Input
PB5.GPIOParameters=GPIO_Label
PB5.GPIO_Label=B_UP
PB5.Locked=true
PB5.Signal=GPIO_Input
PB6.GPIOParameters=GPIO_Label
PB6.GPIO_Label=B_DOWN
PB6.Locked=true
PB6.Signal=GPIO_Input
PB7.GPIOParameters=GPIO_Label
PB7.GPIO_Label=B_RIGHT
PB7.Locked=true
PB7.Signal=GPIO_Input
PC14OSC32_IN.Locked=true
PC14OSC32_IN.Mode=LSE-External-Oscillator
PC14OSC32_IN.Signal=RCC_OSC32_IN
PC15OSC32_OUT.Locked=true
PC15OSC32_OUT.Mode=LSE-External-Oscillator
PC15OSC32_OUT.Signal=RCC_OSC32_OUT
PCC.Checker=false
PCC.Line=STM32F0x2
PCC.MCU=STM32F042C(4-6)Tx
PCC.PartNumber=STM32F042C4Tx
PCC.Seq0=0
PCC.Series=STM32F0
PCC.Temperature=25
PCC.Vdd=3.6
PinOutPanel.RotationAngle=0
ProjectManager.AskForMigrate=true
ProjectManager.BackupPrevious=false
ProjectManager.CompilerOptimize=3
ProjectManager.ComputerToolchain=false
ProjectManager.CoupleFile=false
ProjectManager.CustomerFirmwarePackage=C\:/Users/Luke/STM32Cube/Repository/STM32Cube_FW_F0_V1.9.0
ProjectManager.DefaultFWLocation=true
ProjectManager.DeletePrevious=true
ProjectManager.DeviceId=STM32F042C4Tx
ProjectManager.FirmwarePackage=STM32Cube FW_F0 V1.9.0
ProjectManager.FreePins=false
ProjectManager.HalAssertFull=false
ProjectManager.HeapSize=0x200
ProjectManager.KeepUserCode=true
ProjectManager.LastFirmware=true
ProjectManager.LibraryCopy=1
ProjectManager.MainLocation=Src
ProjectManager.PreviousToolchain=SW4STM32
ProjectManager.ProjectBuild=false
ProjectManager.ProjectFileName=NTCR4.ioc
ProjectManager.ProjectName=NTCR4
ProjectManager.StackSize=0x400
ProjectManager.TargetToolchain=SW4STM32
ProjectManager.ToolChainLocation=
ProjectManager.UnderRoot=true
ProjectManager.functionlistsort=1-MX_GPIO_Init-GPIO-false-HAL-true,2-SystemClock_Config-RCC-false-HAL-false,3-MX_I2C1_Init-I2C1-false-HAL-true,4-MX_RTC_Init-RTC-false-HAL-true,5-MX_TIM2_Init-TIM2-false-HAL-true
RCC.CECFreq_Value=32786.88524590164
RCC.FamilyName=M
RCC.HSICECFreq_Value=32786.88524590164
RCC.IPParameters=CECFreq_Value,FamilyName,HSICECFreq_Value,PLLCLKFreq_Value,PLLMCOFreq_Value,RTCClockSelection,RTCFreq_Value,TimSysFreq_Value,VCOOutput2Freq_Value
RCC.PLLCLKFreq_Value=16000000
RCC.PLLMCOFreq_Value=16000000
RCC.RTCClockSelection=RCC_RTCCLKSOURCE_LSE
RCC.RTCFreq_Value=32768
RCC.TimSysFreq_Value=8000000
RCC.VCOOutput2Freq_Value=8000000
RTC.HourFormat=RTC_HOURFORMAT_12
RTC.Hours=10
RTC.IPParameters=HourFormat,Hours
TIM2.AutoReloadPreload=TIM_AUTORELOAD_PRELOAD_ENABLE
TIM2.ClockDivision=TIM_CLOCKDIVISION_DIV1
TIM2.IPParameters=Prescaler,Period,ClockDivision,AutoReloadPreload
TIM2.Period=1200
TIM2.Prescaler=1000
VP_RTC_VS_RTC_Activate.Mode=RTC_Enabled
VP_RTC_VS_RTC_Activate.Signal=RTC_VS_RTC_Activate
VP_RTC_VS_RTC_Calendar.Mode=RTC_Calendar
VP_RTC_VS_RTC_Calendar.Signal=RTC_VS_RTC_Calendar
VP_SYS_VS_Systick.Mode=SysTick
VP_SYS_VS_Systick.Signal=SYS_VS_Systick
VP_TIM2_VS_ClockSourceINT.Mode=Internal
VP_TIM2_VS_ClockSourceINT.Signal=TIM2_VS_ClockSourceINT
board=NTCR4
